
Microsoft Visual Studio Solution File, Format Version 12.00
# Visual Studio Version 17
VisualStudioVersion = 17.0.31903.59
MinimumVisualStudioVersion = 10.0.40219.1
Project("{2150E333-8FDC-42A3-9474-1A3956D46DE8}") = "src", "src", "{83C18171-FC51-4650-B9FD-1FDD9B03CD44}"
EndProject
Project("{FAE04EC0-301F-11D3-BF4B-00C04F79EFBC}") = "ExternalData.Worker", "src\ExternalData.Worker\ExternalData.Worker.csproj", "{76E4D0D6-10A7-4215-838F-9F33533A91E8}"
EndProject
Project("{FAE04EC0-301F-11D3-BF4B-00C04F79EFBC}") = "ExternalData.Domain", "src\ExternalData.Domain\ExternalData.Domain.csproj", "{96E2D17A-B7E3-4BD9-9F4D-258675F6B4FB}"
EndProject
Project("{FAE04EC0-301F-11D3-BF4B-00C04F79EFBC}") = "ExternalData.Infrastructure", "src\ExternalData.Infrastructure\ExternalData.Infrastructure.csproj", "{F48CC95B-122F-4911-9A21-2C7475A1F899}"
EndProject
Project("{FAE04EC0-301F-11D3-BF4B-00C04F79EFBC}") = "ExternalData.Api", "src\ExternalData.Api\ExternalData.Api.csproj", "{6B180EB0-B8CB-44DA-833B-F7D03BDEB30F}"
EndProject
Global
	GlobalSection(SolutionConfigurationPlatforms) = preSolution
		Debug|Any CPU = Debug|Any CPU
		Release|Any CPU = Release|Any CPU
	EndGlobalSection
	GlobalSection(SolutionProperties) = preSolution
		HideSolutionNode = FALSE
	EndGlobalSection
	GlobalSection(ProjectConfigurationPlatforms) = postSolution
		{76E4D0D6-10A7-4215-838F-9F33533A91E8}.Debug|Any CPU.ActiveCfg = Debug|Any CPU
		{76E4D0D6-10A7-4215-838F-9F33533A91E8}.Debug|Any CPU.Build.0 = Debug|Any CPU
		{76E4D0D6-10A7-4215-838F-9F33533A91E8}.Release|Any CPU.ActiveCfg = Release|Any CPU
		{76E4D0D6-10A7-4215-838F-9F33533A91E8}.Release|Any CPU.Build.0 = Release|Any CPU
		{96E2D17A-B7E3-4BD9-9F4D-258675F6B4FB}.Debug|Any CPU.ActiveCfg = Debug|Any CPU
		{96E2D17A-B7E3-4BD9-9F4D-258675F6B4FB}.Debug|Any CPU.Build.0 = Debug|Any CPU
		{96E2D17A-B7E3-4BD9-9F4D-258675F6B4FB}.Release|Any CPU.ActiveCfg = Release|Any CPU
		{96E2D17A-B7E3-4BD9-9F4D-258675F6B4FB}.Release|Any CPU.Build.0 = Release|Any CPU
		{F48CC95B-122F-4911-9A21-2C7475A1F899}.Debug|Any CPU.ActiveCfg = Debug|Any CPU
		{F48CC95B-122F-4911-9A21-2C7475A1F899}.Debug|Any CPU.Build.0 = Debug|Any CPU
		{F48CC95B-122F-4911-9A21-2C7475A1F899}.Release|Any CPU.ActiveCfg = Release|Any CPU
		{F48CC95B-122F-4911-9A21-2C7475A1F899}.Release|Any CPU.Build.0 = Release|Any CPU
		{6B180EB0-B8CB-44DA-833B-F7D03BDEB30F}.Debug|Any CPU.ActiveCfg = Debug|Any CPU
		{6B180EB0-B8CB-44DA-833B-F7D03BDEB30F}.Debug|Any CPU.Build.0 = Debug|Any CPU
		{6B180EB0-B8CB-44DA-833B-F7D03BDEB30F}.Release|Any CPU.ActiveCfg = Release|Any CPU
		{6B180EB0-B8CB-44DA-833B-F7D03BDEB30F}.Release|Any CPU.Build.0 = Release|Any CPU
	EndGlobalSection
	GlobalSection(NestedProjects) = preSolution
		{76E4D0D6-10A7-4215-838F-9F33533A91E8} = {83C18171-FC51-4650-B9FD-1FDD9B03CD44}
		{96E2D17A-B7E3-4BD9-9F4D-258675F6B4FB} = {83C18171-FC51-4650-B9FD-1FDD9B03CD44}
		{F48CC95B-122F-4911-9A21-2C7475A1F899} = {83C18171-FC51-4650-B9FD-1FDD9B03CD44}
		{6B180EB0-B8CB-44DA-833B-F7D03BDEB30F} = {83C18171-FC51-4650-B9FD-1FDD9B03CD44}
	EndGlobalSection
EndGlobal
